
Microsoft Visual Studio Solution File, Format Version 12.00
# Visual Studio Version 17
VisualStudioVersion = 17.2.32519.379
MinimumVisualStudioVersion = 10.0.40219.1
Project("{9A19103F-16F7-4668-BE54-9A1E7A4F7556}") = "pruebaMidasoftBack.Api", "pruebaMidasoftBack\pruebaMidasoftBack.Api.csproj", "{CE5C3B65-2501-4BD2-88D1-AB6E2B11B373}"
EndProject
Project("{FAE04EC0-301F-11D3-BF4B-00C04F79EFBC}") = "pruebaMidasoftBack.Core", "Core\pruebaMidasoftBack.Core.csproj", "{639FBFD2-3364-4EEB-A272-7FF2BD961AC4}"
EndProject
Project("{FAE04EC0-301F-11D3-BF4B-00C04F79EFBC}") = "pruebaMidasoftBack.Data", "Data\pruebaMidasoftBack.Data.csproj", "{87979BF6-68DD-4FBF-9DBD-C6540D9BCA6F}"
EndProject
Global
	GlobalSection(SolutionConfigurationPlatforms) = preSolution
		Debug|Any CPU = Debug|Any CPU
		Release|Any CPU = Release|Any CPU
	EndGlobalSection
	GlobalSection(ProjectConfigurationPlatforms) = postSolution
		{CE5C3B65-2501-4BD2-88D1-AB6E2B11B373}.Debug|Any CPU.ActiveCfg = Debug|Any CPU
		{CE5C3B65-2501-4BD2-88D1-AB6E2B11B373}.Debug|Any CPU.Build.0 = Debug|Any CPU
		{CE5C3B65-2501-4BD2-88D1-AB6E2B11B373}.Release|Any CPU.ActiveCfg = Release|Any CPU
		{CE5C3B65-2501-4BD2-88D1-AB6E2B11B373}.Release|Any CPU.Build.0 = Release|Any CPU
		{639FBFD2-3364-4EEB-A272-7FF2BD961AC4}.Debug|Any CPU.ActiveCfg = Debug|Any CPU
		{639FBFD2-3364-4EEB-A272-7FF2BD961AC4}.Debug|Any CPU.Build.0 = Debug|Any CPU
		{639FBFD2-3364-4EEB-A272-7FF2BD961AC4}.Release|Any CPU.ActiveCfg = Release|Any CPU
		{639FBFD2-3364-4EEB-A272-7FF2BD961AC4}.Release|Any CPU.Build.0 = Release|Any CPU
		{87979BF6-68DD-4FBF-9DBD-C6540D9BCA6F}.Debug|Any CPU.ActiveCfg = Debug|Any CPU
		{87979BF6-68DD-4FBF-9DBD-C6540D9BCA6F}.Debug|Any CPU.Build.0 = Debug|Any CPU
		{87979BF6-68DD-4FBF-9DBD-C6540D9BCA6F}.Release|Any CPU.ActiveCfg = Release|Any CPU
		{87979BF6-68DD-4FBF-9DBD-C6540D9BCA6F}.Release|Any CPU.Build.0 = Release|Any CPU
	EndGlobalSection
	GlobalSection(SolutionProperties) = preSolution
		HideSolutionNode = FALSE
	EndGlobalSection
	GlobalSection(ExtensibilityGlobals) = postSolution
		SolutionGuid = {D18763E5-B3A5-4DBA-A7A3-172513040FB0}
	EndGlobalSection
EndGlobal
